zikichombo.org/codec v0.0.1-alpha.2 h1:UlYFZZzxT8r+fJwZIip1jDdJow2uBff4jcXTWhjqnWY=
zikichombo.org/codec v0.0.1-alpha.2/go.mod h1:dGcXxp+89DeQxebUtK29vL+Rqw8aFySlriptzejRHMM=
zikichombo.org/codec v0.0.1-alpha.3 h1:g09S6DOXyO56Q3rpwHL813dwEDeNIUoFhxCOk/8sk+Q=
zikichombo.org/codec v0.0.1-alpha.3/go.mod h1:JQb94Z/twHniAfp0ydPKk8ibq61UoBMriWo7iQopcR8=
zikichombo.org/sound v0.1.0-alpha.1 h1:1/tByuGvvertI6PlIt1bk9I0GnwrnwfDml/OSMPULFQ=
zikichombo.org/sound v0.1.0-alpha.1/go.mod h1:akiZR7uLjsosCVBmP0t0hqsOgZ7iydYzjz92wFK2pLQ=
zikichombo.org/sound v0.1.1-alpha.2 h1:x2bLgomOt5nKdX5feIkRn1+cthP8YLXLqa62cBmFfVs=
zikichombo.org/sound v0.1.1-alpha.2/go.mod h1:akiZR7uLjsosCVBmP0t0hqsOgZ7iydYzjz92wFK2pLQ=
